
Microsoft Visual Studio Solution File, Format Version 12.00
# Visual Studio Version 16
VisualStudioVersion = 25.0.1706.12
MinimumVisualStudioVersion = 10.0.40219.1
Project("{FAE04EC0-301F-11D3-BF4B-00C04F79EFBC}") = "Xiao.TVapp.Bff", "Xiao.TVapp.Bff\Xiao.TVapp.Bff.csproj", "{09B385B9-0F03-4E7B-87BE-DBD2E6EFA42C}"
EndProject
Global
	GlobalSection(SolutionConfigurationPlatforms) = preSolution
		Debug|Any CPU = Debug|Any CPU
		Release|Any CPU = Release|Any CPU
	EndGlobalSection
	GlobalSection(ProjectConfigurationPlatforms) = postSolution
		{09B385B9-0F03-4E7B-87BE-DBD2E6EFA42C}.Debug|Any CPU.ActiveCfg = Debug|Any CPU
		{09B385B9-0F03-4E7B-87BE-DBD2E6EFA42C}.Debug|Any CPU.Build.0 = Debug|Any CPU
		{09B385B9-0F03-4E7B-87BE-DBD2E6EFA42C}.Release|Any CPU.ActiveCfg = Release|Any CPU
		{09B385B9-0F03-4E7B-87BE-DBD2E6EFA42C}.Release|Any CPU.Build.0 = Release|Any CPU
	EndGlobalSection
	GlobalSection(SolutionProperties) = preSolution
		HideSolutionNode = FALSE
	EndGlobalSection
	GlobalSection(ExtensibilityGlobals) = postSolution
		SolutionGuid = {3C4DAD59-A533-4B0E-A4D1-FF9615327F98}
	EndGlobalSection
EndGlobal
